{
    "_readme": [
        "This file locks the dependencies of your project to a known state",
        "Read more about it at https://getcomposer.org/doc/01-basic-usage.md#installing-dependencies",
        "This file is @generated automatically"
    ],
    "content-hash": "85dd81ab1948c019399aa141375d14c9",
    "packages": [],
    "packages-dev": [
        {
            "name": "symplify/monorepo-builder",
            "version": "dev-tf-remove-vendor-prefix-operation",
            "source": {
                "type": "git",
                "url": "https://github.com/tomasfejfar/monorepo-builder.git",
                "reference": "d03902fba6e1d3c711b3d02fd36446a74d9b35e4"
            },
            "dist": {
                "type": "zip",
                "url": "https://api.github.com/repos/tomasfejfar/monorepo-builder/zipball/d03902fba6e1d3c711b3d02fd36446a74d9b35e4",
                "reference": "d03902fba6e1d3c711b3d02fd36446a74d9b35e4",
                "shasum": ""
            },
            "require": {
                "php": ">=7.2"
            },
            "bin": [
                "bin/monorepo-builder"
            ],
            "type": "library",
            "extra": {
                "branch-alias": {
                    "dev-main": "10.3-dev"
                }
            },
            "license": [
                "MIT"
            ],
            "description": "Prefixed version of Not only Composer tools to build a Monorepo.",
            "support": {
                "source": "https://github.com/tomasfejfar/monorepo-builder/tree/tf-remove-vendor-prefix-operation"
            },
            "funding": [
                {
                    "type": "github",
                    "url": "https://github.com/tomasvotruba"
                },
                {
                    "type": "custom",
                    "url": "https://www.paypal.me/rectorphp"
                }
            ],
            "time": "2022-10-07T16:46:50+00:00"
        }
    ],
    "aliases": [],
    "minimum-stability": "stable",
    "stability-flags": {
        "symplify/monorepo-builder": 20
    },
    "prefer-stable": false,
    "prefer-lowest": false,
    "platform": [],
    "platform-dev": [],
    "plugin-api-version": "2.2.0"
}
